
Microsoft Visual Studio Solution File, Format Version 12.00
# Visual Studio Version 16
VisualStudioVersion = 16.0.31624.102
MinimumVisualStudioVersion = 10.0.40219.1
Project("{FAE04EC0-301F-11D3-BF4B-00C04F79EFBC}") = "Consol_Project_DirectList", "Consol_Project_DirectList\Consol_Project_DirectList.csproj", "{C254ADB9-1B29-4209-8BBA-9DF1B3D77093}"
EndProject
Global
	GlobalSection(SolutionConfigurationPlatforms) = preSolution
		Debug|Any CPU = Debug|Any CPU
		Release|Any CPU = Release|Any CPU
	EndGlobalSection
	GlobalSection(ProjectConfigurationPlatforms) = postSolution
		{C254ADB9-1B29-4209-8BBA-9DF1B3D77093}.Debug|Any CPU.ActiveCfg = Debug|Any CPU
		{C254ADB9-1B29-4209-8BBA-9DF1B3D77093}.Debug|Any CPU.Build.0 = Debug|Any CPU
		{C254ADB9-1B29-4209-8BBA-9DF1B3D77093}.Release|Any CPU.ActiveCfg = Release|Any CPU
		{C254ADB9-1B29-4209-8BBA-9DF1B3D77093}.Release|Any CPU.Build.0 = Release|Any CPU
	EndGlobalSection
	GlobalSection(SolutionProperties) = preSolution
		HideSolutionNode = FALSE
	EndGlobalSection
	GlobalSection(ExtensibilityGlobals) = postSolution
		SolutionGuid = {1C0764DE-DBD7-4FEB-B740-7DD7D18D4859}
	EndGlobalSection
EndGlobal
