
Microsoft Visual Studio Solution File, Format Version 12.00
# Visual Studio Version 16
VisualStudioVersion = 16.0.31624.102
MinimumVisualStudioVersion = 10.0.40219.1
Project("{FAE04EC0-301F-11D3-BF4B-00C04F79EFBC}") = "DirectListConsoleProject", "DirectListConsoleProject\DirectListConsoleProject.csproj", "{58D24C10-57C4-4367-91F4-DE81A71EAF26}"
EndProject
Global
	GlobalSection(SolutionConfigurationPlatforms) = preSolution
		Debug|Any CPU = Debug|Any CPU
		Release|Any CPU = Release|Any CPU
	EndGlobalSection
	GlobalSection(ProjectConfigurationPlatforms) = postSolution
		{58D24C10-57C4-4367-91F4-DE81A71EAF26}.Debug|Any CPU.ActiveCfg = Debug|Any CPU
		{58D24C10-57C4-4367-91F4-DE81A71EAF26}.Debug|Any CPU.Build.0 = Debug|Any CPU
		{58D24C10-57C4-4367-91F4-DE81A71EAF26}.Release|Any CPU.ActiveCfg = Release|Any CPU
		{58D24C10-57C4-4367-91F4-DE81A71EAF26}.Release|Any CPU.Build.0 = Release|Any CPU
	EndGlobalSection
	GlobalSection(SolutionProperties) = preSolution
		HideSolutionNode = FALSE
	EndGlobalSection
	GlobalSection(ExtensibilityGlobals) = postSolution
		SolutionGuid = {1D52D028-0D1B-49AD-8A2C-70C8C97BF9DE}
	EndGlobalSection
EndGlobal
